
Microsoft Visual Studio Solution File, Format Version 12.00
# Visual Studio 2013
VisualStudioVersion = 12.0.21005.1
MinimumVisualStudioVersion = 10.0.40219.1
Project("{FAE04EC0-301F-11D3-BF4B-00C04F79EFBC}") = "Problem01LeapYear", "Problem01LeapYear\Problem01LeapYear.csproj", "{60582878-B94E-4F1C-846A-D3BA0DD4062D}"
EndProject
Project("{FAE04EC0-301F-11D3-BF4B-00C04F79EFBC}") = "Problem02RandomNumbers", "Problem02RandomNumbers\Problem02RandomNumbers.csproj", "{BF10A110-D5D2-4A60-9E14-727C884AF0E1}"
EndProject
Project("{FAE04EC0-301F-11D3-BF4B-00C04F79EFBC}") = "Problem03DayOfWeek", "Problem03DayOfWeek\Problem03DayOfWeek.csproj", "{6A9AA54E-CEE1-4353-B6B9-69134967219E}"
EndProject
Project("{FAE04EC0-301F-11D3-BF4B-00C04F79EFBC}") = "Problem04TriangleSurface", "Problem04TriangleSurface\Problem04TriangleSurface.csproj", "{D18F16CE-85A4-466B-9F4A-6D77370472C8}"
EndProject
Project("{FAE04EC0-301F-11D3-BF4B-00C04F79EFBC}") = "Problem05Workdays", "Problem05Workdays\Problem05Workdays.csproj", "{BC69DB93-593F-4617-A68C-597683336FE3}"
EndProject
Project("{FAE04EC0-301F-11D3-BF4B-00C04F79EFBC}") = "Problem06SumIntegers", "Problem06SumIntegers\Problem06SumIntegers.csproj", "{441F6AC6-C7CE-45CA-AE3D-67BD2513BB80}"
EndProject
Project("{FAE04EC0-301F-11D3-BF4B-00C04F79EFBC}") = "Problem07ArithmeticalExpressions", "Problem07ArithmeticalExpressions\Problem07ArithmeticalExpressions.csproj", "{6B555BC7-6C2C-4945-AA51-A7EB52478489}"
EndProject
Global
	GlobalSection(SolutionConfigurationPlatforms) = preSolution
		Debug|Any CPU = Debug|Any CPU
		Release|Any CPU = Release|Any CPU
	EndGlobalSection
	GlobalSection(ProjectConfigurationPlatforms) = postSolution
		{60582878-B94E-4F1C-846A-D3BA0DD4062D}.Debug|Any CPU.ActiveCfg = Debug|Any CPU
		{60582878-B94E-4F1C-846A-D3BA0DD4062D}.Debug|Any CPU.Build.0 = Debug|Any CPU
		{60582878-B94E-4F1C-846A-D3BA0DD4062D}.Release|Any CPU.ActiveCfg = Release|Any CPU
		{60582878-B94E-4F1C-846A-D3BA0DD4062D}.Release|Any CPU.Build.0 = Release|Any CPU
		{BF10A110-D5D2-4A60-9E14-727C884AF0E1}.Debug|Any CPU.ActiveCfg = Debug|Any CPU
		{BF10A110-D5D2-4A60-9E14-727C884AF0E1}.Debug|Any CPU.Build.0 = Debug|Any CPU
		{BF10A110-D5D2-4A60-9E14-727C884AF0E1}.Release|Any CPU.ActiveCfg = Release|Any CPU
		{BF10A110-D5D2-4A60-9E14-727C884AF0E1}.Release|Any CPU.Build.0 = Release|Any CPU
		{6A9AA54E-CEE1-4353-B6B9-69134967219E}.Debug|Any CPU.ActiveCfg = Debug|Any CPU
		{6A9AA54E-CEE1-4353-B6B9-69134967219E}.Debug|Any CPU.Build.0 = Debug|Any CPU
		{6A9AA54E-CEE1-4353-B6B9-69134967219E}.Release|Any CPU.ActiveCfg = Release|Any CPU
		{6A9AA54E-CEE1-4353-B6B9-69134967219E}.Release|Any CPU.Build.0 = Release|Any CPU
		{D18F16CE-85A4-466B-9F4A-6D77370472C8}.Debug|Any CPU.ActiveCfg = Debug|Any CPU
		{D18F16CE-85A4-466B-9F4A-6D77370472C8}.Debug|Any CPU.Build.0 = Debug|Any CPU
		{D18F16CE-85A4-466B-9F4A-6D77370472C8}.Release|Any CPU.ActiveCfg = Release|Any CPU
		{D18F16CE-85A4-466B-9F4A-6D77370472C8}.Release|Any CPU.Build.0 = Release|Any CPU
		{BC69DB93-593F-4617-A68C-597683336FE3}.Debug|Any CPU.ActiveCfg = Debug|Any CPU
		{BC69DB93-593F-4617-A68C-597683336FE3}.Debug|Any CPU.Build.0 = Debug|Any CPU
		{BC69DB93-593F-4617-A68C-597683336FE3}.Release|Any CPU.ActiveCfg = Release|Any CPU
		{BC69DB93-593F-4617-A68C-597683336FE3}.Release|Any CPU.Build.0 = Release|Any CPU
		{441F6AC6-C7CE-45CA-AE3D-67BD2513BB80}.Debug|Any CPU.ActiveCfg = Debug|Any CPU
		{441F6AC6-C7CE-45CA-AE3D-67BD2513BB80}.Debug|Any CPU.Build.0 = Debug|Any CPU
		{441F6AC6-C7CE-45CA-AE3D-67BD2513BB80}.Release|Any CPU.ActiveCfg = Release|Any CPU
		{441F6AC6-C7CE-45CA-AE3D-67BD2513BB80}.Release|Any CPU.Build.0 = Release|Any CPU
		{6B555BC7-6C2C-4945-AA51-A7EB52478489}.Debug|Any CPU.ActiveCfg = Debug|Any CPU
		{6B555BC7-6C2C-4945-AA51-A7EB52478489}.Debug|Any CPU.Build.0 = Debug|Any CPU
		{6B555BC7-6C2C-4945-AA51-A7EB52478489}.Release|Any CPU.ActiveCfg = Release|Any CPU
		{6B555BC7-6C2C-4945-AA51-A7EB52478489}.Release|Any CPU.Build.0 = Release|Any CPU
	EndGlobalSection
	GlobalSection(SolutionProperties) = preSolution
		HideSolutionNode = FALSE
	EndGlobalSection
EndGlobal
