
Microsoft Visual Studio Solution File, Format Version 12.00
# Visual Studio 2013
VisualStudioVersion = 12.0.21005.1
MinimumVisualStudioVersion = 10.0.40219.1
Project("{FAE04EC0-301F-11D3-BF4B-00C04F79EFBC}") = "Problem01_03_Student", "Problem01_03_Student\Problem01_03_Student.csproj", "{61E945FB-315C-4E49-995E-17F48538A24E}"
EndProject
Project("{FAE04EC0-301F-11D3-BF4B-00C04F79EFBC}") = "Problem04Person", "Problem04Person\Problem04Person.csproj", "{C940725B-4777-4805-8880-51FDF5FB9F1F}"
EndProject
Project("{FAE04EC0-301F-11D3-BF4B-00C04F79EFBC}") = "Problem05BitArray", "Problem05BitArray\Problem05BitArray.csproj", "{1404E538-F289-4DE4-B530-1CF6FD1C4CD7}"
EndProject
Project("{FAE04EC0-301F-11D3-BF4B-00C04F79EFBC}") = "Problem06BinarySearchTree", "Problem06BinarySearchTree\Problem06BinarySearchTree.csproj", "{D5C8C306-FD75-4917-975E-CD15728D3C49}"
EndProject
Global
	GlobalSection(SolutionConfigurationPlatforms) = preSolution
		Debug|Any CPU = Debug|Any CPU
		Release|Any CPU = Release|Any CPU
	EndGlobalSection
	GlobalSection(ProjectConfigurationPlatforms) = postSolution
		{61E945FB-315C-4E49-995E-17F48538A24E}.Debug|Any CPU.ActiveCfg = Debug|Any CPU
		{61E945FB-315C-4E49-995E-17F48538A24E}.Debug|Any CPU.Build.0 = Debug|Any CPU
		{61E945FB-315C-4E49-995E-17F48538A24E}.Release|Any CPU.ActiveCfg = Release|Any CPU
		{61E945FB-315C-4E49-995E-17F48538A24E}.Release|Any CPU.Build.0 = Release|Any CPU
		{C940725B-4777-4805-8880-51FDF5FB9F1F}.Debug|Any CPU.ActiveCfg = Debug|Any CPU
		{C940725B-4777-4805-8880-51FDF5FB9F1F}.Debug|Any CPU.Build.0 = Debug|Any CPU
		{C940725B-4777-4805-8880-51FDF5FB9F1F}.Release|Any CPU.ActiveCfg = Release|Any CPU
		{C940725B-4777-4805-8880-51FDF5FB9F1F}.Release|Any CPU.Build.0 = Release|Any CPU
		{1404E538-F289-4DE4-B530-1CF6FD1C4CD7}.Debug|Any CPU.ActiveCfg = Debug|Any CPU
		{1404E538-F289-4DE4-B530-1CF6FD1C4CD7}.Debug|Any CPU.Build.0 = Debug|Any CPU
		{1404E538-F289-4DE4-B530-1CF6FD1C4CD7}.Release|Any CPU.ActiveCfg = Release|Any CPU
		{1404E538-F289-4DE4-B530-1CF6FD1C4CD7}.Release|Any CPU.Build.0 = Release|Any CPU
		{D5C8C306-FD75-4917-975E-CD15728D3C49}.Debug|Any CPU.ActiveCfg = Debug|Any CPU
		{D5C8C306-FD75-4917-975E-CD15728D3C49}.Debug|Any CPU.Build.0 = Debug|Any CPU
		{D5C8C306-FD75-4917-975E-CD15728D3C49}.Release|Any CPU.ActiveCfg = Release|Any CPU
		{D5C8C306-FD75-4917-975E-CD15728D3C49}.Release|Any CPU.Build.0 = Release|Any CPU
	EndGlobalSection
	GlobalSection(SolutionProperties) = preSolution
		HideSolutionNode = FALSE
	EndGlobalSection
EndGlobal
