
Microsoft Visual Studio Solution File, Format Version 12.00
# Visual Studio 2013
VisualStudioVersion = 12.0.21005.1
MinimumVisualStudioVersion = 10.0.40219.1
Project("{FAE04EC0-301F-11D3-BF4B-00C04F79EFBC}") = "Problem1", "Problem1\Problem1.csproj", "{7DF07DC1-AB04-4C19-8410-0FFAA036BB40}"
EndProject
Project("{FAE04EC0-301F-11D3-BF4B-00C04F79EFBC}") = "Problem2", "Problem2\Problem2.csproj", "{66DE7E82-01E2-42CD-B20D-7906D52B0DE4}"
EndProject
Project("{FAE04EC0-301F-11D3-BF4B-00C04F79EFBC}") = "Problem3", "Problem3\Problem3.csproj", "{693269C8-DC13-4887-BCB6-1168817EF90A}"
EndProject
Project("{FAE04EC0-301F-11D3-BF4B-00C04F79EFBC}") = "Problem4", "Problem4\Problem4.csproj", "{245F8A26-A3CD-4D20-B019-EE36766E0A60}"
EndProject
Project("{FAE04EC0-301F-11D3-BF4B-00C04F79EFBC}") = "Problem5", "Problem5\Problem5.csproj", "{BCEFDF8C-A3EF-42D5-AC55-41819A7CE7F4}"
EndProject
Global
	GlobalSection(SolutionConfigurationPlatforms) = preSolution
		Debug|Any CPU = Debug|Any CPU
		Release|Any CPU = Release|Any CPU
	EndGlobalSection
	GlobalSection(ProjectConfigurationPlatforms) = postSolution
		{7DF07DC1-AB04-4C19-8410-0FFAA036BB40}.Debug|Any CPU.ActiveCfg = Debug|Any CPU
		{7DF07DC1-AB04-4C19-8410-0FFAA036BB40}.Debug|Any CPU.Build.0 = Debug|Any CPU
		{7DF07DC1-AB04-4C19-8410-0FFAA036BB40}.Release|Any CPU.ActiveCfg = Release|Any CPU
		{7DF07DC1-AB04-4C19-8410-0FFAA036BB40}.Release|Any CPU.Build.0 = Release|Any CPU
		{66DE7E82-01E2-42CD-B20D-7906D52B0DE4}.Debug|Any CPU.ActiveCfg = Debug|Any CPU
		{66DE7E82-01E2-42CD-B20D-7906D52B0DE4}.Debug|Any CPU.Build.0 = Debug|Any CPU
		{66DE7E82-01E2-42CD-B20D-7906D52B0DE4}.Release|Any CPU.ActiveCfg = Release|Any CPU
		{66DE7E82-01E2-42CD-B20D-7906D52B0DE4}.Release|Any CPU.Build.0 = Release|Any CPU
		{693269C8-DC13-4887-BCB6-1168817EF90A}.Debug|Any CPU.ActiveCfg = Debug|Any CPU
		{693269C8-DC13-4887-BCB6-1168817EF90A}.Debug|Any CPU.Build.0 = Debug|Any CPU
		{693269C8-DC13-4887-BCB6-1168817EF90A}.Release|Any CPU.ActiveCfg = Release|Any CPU
		{693269C8-DC13-4887-BCB6-1168817EF90A}.Release|Any CPU.Build.0 = Release|Any CPU
		{245F8A26-A3CD-4D20-B019-EE36766E0A60}.Debug|Any CPU.ActiveCfg = Debug|Any CPU
		{245F8A26-A3CD-4D20-B019-EE36766E0A60}.Debug|Any CPU.Build.0 = Debug|Any CPU
		{245F8A26-A3CD-4D20-B019-EE36766E0A60}.Release|Any CPU.ActiveCfg = Release|Any CPU
		{245F8A26-A3CD-4D20-B019-EE36766E0A60}.Release|Any CPU.Build.0 = Release|Any CPU
		{BCEFDF8C-A3EF-42D5-AC55-41819A7CE7F4}.Debug|Any CPU.ActiveCfg = Debug|Any CPU
		{BCEFDF8C-A3EF-42D5-AC55-41819A7CE7F4}.Debug|Any CPU.Build.0 = Debug|Any CPU
		{BCEFDF8C-A3EF-42D5-AC55-41819A7CE7F4}.Release|Any CPU.ActiveCfg = Release|Any CPU
		{BCEFDF8C-A3EF-42D5-AC55-41819A7CE7F4}.Release|Any CPU.Build.0 = Release|Any CPU
	EndGlobalSection
	GlobalSection(SolutionProperties) = preSolution
		HideSolutionNode = FALSE
	EndGlobalSection
EndGlobal
