
Microsoft Visual Studio Solution File, Format Version 12.00
# Visual Studio 2013
VisualStudioVersion = 12.0.21005.1
MinimumVisualStudioVersion = 10.0.40219.1
Project("{FAE04EC0-301F-11D3-BF4B-00C04F79EFBC}") = "Problem01", "Problem01\Problem01.csproj", "{D2C2264F-0B45-48CE-AF8B-529A46989BF7}"
EndProject
Project("{FAE04EC0-301F-11D3-BF4B-00C04F79EFBC}") = "Problem02", "Problem02\Problem02.csproj", "{C107FE6E-A11C-445E-9F2A-543D303C19A2}"
EndProject
Project("{FAE04EC0-301F-11D3-BF4B-00C04F79EFBC}") = "Problem03", "Problem03\Problem03.csproj", "{7D7FC877-AAC1-4A81-AA0E-9F5906B4E2BF}"
EndProject
Project("{FAE04EC0-301F-11D3-BF4B-00C04F79EFBC}") = "Problem04", "Problem04\Problem04.csproj", "{DECF53B0-2681-4BF4-ACA1-DFD37CCA604F}"
EndProject
Project("{FAE04EC0-301F-11D3-BF4B-00C04F79EFBC}") = "Problem05", "Problem05\Problem05.csproj", "{973C1132-65DA-4AB9-A090-8AF63B13B201}"
EndProject
Global
	GlobalSection(SolutionConfigurationPlatforms) = preSolution
		Debug|Any CPU = Debug|Any CPU
		Release|Any CPU = Release|Any CPU
	EndGlobalSection
	GlobalSection(ProjectConfigurationPlatforms) = postSolution
		{D2C2264F-0B45-48CE-AF8B-529A46989BF7}.Debug|Any CPU.ActiveCfg = Debug|Any CPU
		{D2C2264F-0B45-48CE-AF8B-529A46989BF7}.Debug|Any CPU.Build.0 = Debug|Any CPU
		{D2C2264F-0B45-48CE-AF8B-529A46989BF7}.Release|Any CPU.ActiveCfg = Release|Any CPU
		{D2C2264F-0B45-48CE-AF8B-529A46989BF7}.Release|Any CPU.Build.0 = Release|Any CPU
		{C107FE6E-A11C-445E-9F2A-543D303C19A2}.Debug|Any CPU.ActiveCfg = Debug|Any CPU
		{C107FE6E-A11C-445E-9F2A-543D303C19A2}.Debug|Any CPU.Build.0 = Debug|Any CPU
		{C107FE6E-A11C-445E-9F2A-543D303C19A2}.Release|Any CPU.ActiveCfg = Release|Any CPU
		{C107FE6E-A11C-445E-9F2A-543D303C19A2}.Release|Any CPU.Build.0 = Release|Any CPU
		{7D7FC877-AAC1-4A81-AA0E-9F5906B4E2BF}.Debug|Any CPU.ActiveCfg = Debug|Any CPU
		{7D7FC877-AAC1-4A81-AA0E-9F5906B4E2BF}.Debug|Any CPU.Build.0 = Debug|Any CPU
		{7D7FC877-AAC1-4A81-AA0E-9F5906B4E2BF}.Release|Any CPU.ActiveCfg = Release|Any CPU
		{7D7FC877-AAC1-4A81-AA0E-9F5906B4E2BF}.Release|Any CPU.Build.0 = Release|Any CPU
		{DECF53B0-2681-4BF4-ACA1-DFD37CCA604F}.Debug|Any CPU.ActiveCfg = Debug|Any CPU
		{DECF53B0-2681-4BF4-ACA1-DFD37CCA604F}.Debug|Any CPU.Build.0 = Debug|Any CPU
		{DECF53B0-2681-4BF4-ACA1-DFD37CCA604F}.Release|Any CPU.ActiveCfg = Release|Any CPU
		{DECF53B0-2681-4BF4-ACA1-DFD37CCA604F}.Release|Any CPU.Build.0 = Release|Any CPU
		{973C1132-65DA-4AB9-A090-8AF63B13B201}.Debug|Any CPU.ActiveCfg = Debug|Any CPU
		{973C1132-65DA-4AB9-A090-8AF63B13B201}.Debug|Any CPU.Build.0 = Debug|Any CPU
		{973C1132-65DA-4AB9-A090-8AF63B13B201}.Release|Any CPU.ActiveCfg = Release|Any CPU
		{973C1132-65DA-4AB9-A090-8AF63B13B201}.Release|Any CPU.Build.0 = Release|Any CPU
	EndGlobalSection
	GlobalSection(SolutionProperties) = preSolution
		HideSolutionNode = FALSE
	EndGlobalSection
EndGlobal
