
Microsoft Visual Studio Solution File, Format Version 12.00
# Visual Studio 14
VisualStudioVersion = 14.0.23107.0
MinimumVisualStudioVersion = 10.0.40219.1
Project("{FAE04EC0-301F-11D3-BF4B-00C04F79EFBC}") = "Task03_MobileShop", "Task03_MobileShop\Task03_MobileShop.csproj", "{88119F35-AD8D-4676-84A5-BD595F2BF1D8}"
EndProject
Project("{FAE04EC0-301F-11D3-BF4B-00C04F79EFBC}") = "Task02_Calculator", "Task02_Calculator\Task02_Calculator.csproj", "{B863FAEB-CD66-410D-AF83-8DE4A9CAEA6F}"
EndProject
Project("{FAE04EC0-301F-11D3-BF4B-00C04F79EFBC}") = "Task04_AdminRoute", "Task04_AdminRoute\Task04_AdminRoute.csproj", "{4F30543C-9B69-4EF4-B637-E5433DA3D43C}"
EndProject
Global
	GlobalSection(SolutionConfigurationPlatforms) = preSolution
		Debug|Any CPU = Debug|Any CPU
		Release|Any CPU = Release|Any CPU
	EndGlobalSection
	GlobalSection(ProjectConfigurationPlatforms) = postSolution
		{88119F35-AD8D-4676-84A5-BD595F2BF1D8}.Debug|Any CPU.ActiveCfg = Debug|Any CPU
		{88119F35-AD8D-4676-84A5-BD595F2BF1D8}.Debug|Any CPU.Build.0 = Debug|Any CPU
		{88119F35-AD8D-4676-84A5-BD595F2BF1D8}.Release|Any CPU.ActiveCfg = Release|Any CPU
		{88119F35-AD8D-4676-84A5-BD595F2BF1D8}.Release|Any CPU.Build.0 = Release|Any CPU
		{B863FAEB-CD66-410D-AF83-8DE4A9CAEA6F}.Debug|Any CPU.ActiveCfg = Debug|Any CPU
		{B863FAEB-CD66-410D-AF83-8DE4A9CAEA6F}.Debug|Any CPU.Build.0 = Debug|Any CPU
		{B863FAEB-CD66-410D-AF83-8DE4A9CAEA6F}.Release|Any CPU.ActiveCfg = Release|Any CPU
		{B863FAEB-CD66-410D-AF83-8DE4A9CAEA6F}.Release|Any CPU.Build.0 = Release|Any CPU
		{4F30543C-9B69-4EF4-B637-E5433DA3D43C}.Debug|Any CPU.ActiveCfg = Debug|Any CPU
		{4F30543C-9B69-4EF4-B637-E5433DA3D43C}.Debug|Any CPU.Build.0 = Debug|Any CPU
		{4F30543C-9B69-4EF4-B637-E5433DA3D43C}.Release|Any CPU.ActiveCfg = Release|Any CPU
		{4F30543C-9B69-4EF4-B637-E5433DA3D43C}.Release|Any CPU.Build.0 = Release|Any CPU
	EndGlobalSection
	GlobalSection(SolutionProperties) = preSolution
		HideSolutionNode = FALSE
	EndGlobalSection
EndGlobal
