
Microsoft Visual Studio Solution File, Format Version 12.00
# Visual Studio 14
VisualStudioVersion = 14.0.23107.0
MinimumVisualStudioVersion = 10.0.40219.1
Project("{FAE04EC0-301F-11D3-BF4B-00C04F79EFBC}") = "LibrarySystem", "LibrarySystem\LibrarySystem.csproj", "{A0E0CA73-1C0B-48DB-A58C-0AA491CF7703}"
EndProject
Project("{FAE04EC0-301F-11D3-BF4B-00C04F79EFBC}") = "LibrarySystem.Data", "LibrarySystem.Data\LibrarySystem.Data.csproj", "{43471A27-62A5-4983-9528-007BBF9B423C}"
EndProject
Project("{FAE04EC0-301F-11D3-BF4B-00C04F79EFBC}") = "LibrarySystem.Data.Models", "LibrarySystem.Data.Models\LibrarySystem.Data.Models.csproj", "{00C28952-B714-46BB-B726-E262EC18CEA0}"
EndProject
Global
	GlobalSection(SolutionConfigurationPlatforms) = preSolution
		Debug|Any CPU = Debug|Any CPU
		Release|Any CPU = Release|Any CPU
	EndGlobalSection
	GlobalSection(ProjectConfigurationPlatforms) = postSolution
		{A0E0CA73-1C0B-48DB-A58C-0AA491CF7703}.Debug|Any CPU.ActiveCfg = Debug|Any CPU
		{A0E0CA73-1C0B-48DB-A58C-0AA491CF7703}.Debug|Any CPU.Build.0 = Debug|Any CPU
		{A0E0CA73-1C0B-48DB-A58C-0AA491CF7703}.Release|Any CPU.ActiveCfg = Release|Any CPU
		{A0E0CA73-1C0B-48DB-A58C-0AA491CF7703}.Release|Any CPU.Build.0 = Release|Any CPU
		{43471A27-62A5-4983-9528-007BBF9B423C}.Debug|Any CPU.ActiveCfg = Debug|Any CPU
		{43471A27-62A5-4983-9528-007BBF9B423C}.Debug|Any CPU.Build.0 = Debug|Any CPU
		{43471A27-62A5-4983-9528-007BBF9B423C}.Release|Any CPU.ActiveCfg = Release|Any CPU
		{43471A27-62A5-4983-9528-007BBF9B423C}.Release|Any CPU.Build.0 = Release|Any CPU
		{00C28952-B714-46BB-B726-E262EC18CEA0}.Debug|Any CPU.ActiveCfg = Debug|Any CPU
		{00C28952-B714-46BB-B726-E262EC18CEA0}.Debug|Any CPU.Build.0 = Debug|Any CPU
		{00C28952-B714-46BB-B726-E262EC18CEA0}.Release|Any CPU.ActiveCfg = Release|Any CPU
		{00C28952-B714-46BB-B726-E262EC18CEA0}.Release|Any CPU.Build.0 = Release|Any CPU
	EndGlobalSection
	GlobalSection(SolutionProperties) = preSolution
		HideSolutionNode = FALSE
	EndGlobalSection
EndGlobal
