
Microsoft Visual Studio Solution File, Format Version 12.00
# Visual Studio 14
VisualStudioVersion = 14.0.23107.0
MinimumVisualStudioVersion = 10.0.40219.1
Project("{FAE04EC0-301F-11D3-BF4B-00C04F79EFBC}") = "StudentSystem.Models", "StudentSystem.Models\StudentSystem.Models.csproj", "{91AB69E0-3330-4A92-BB2E-3242B56926FC}"
EndProject
Project("{FAE04EC0-301F-11D3-BF4B-00C04F79EFBC}") = "StudentSystem.Data", "StudentSystem.Data\StudentSystem.Data.csproj", "{A0CF3386-94D1-4C8C-8CD6-4BED5BE1210E}"
EndProject
Project("{FAE04EC0-301F-11D3-BF4B-00C04F79EFBC}") = "StudentSystem.Client", "StudentSystem.Client\StudentSystem.Client.csproj", "{E68EA851-DFA1-4908-A6CC-DD9BEC59584D}"
EndProject
Global
	GlobalSection(SolutionConfigurationPlatforms) = preSolution
		Debug|Any CPU = Debug|Any CPU
		Release|Any CPU = Release|Any CPU
	EndGlobalSection
	GlobalSection(ProjectConfigurationPlatforms) = postSolution
		{91AB69E0-3330-4A92-BB2E-3242B56926FC}.Debug|Any CPU.ActiveCfg = Debug|Any CPU
		{91AB69E0-3330-4A92-BB2E-3242B56926FC}.Debug|Any CPU.Build.0 = Debug|Any CPU
		{91AB69E0-3330-4A92-BB2E-3242B56926FC}.Release|Any CPU.ActiveCfg = Release|Any CPU
		{91AB69E0-3330-4A92-BB2E-3242B56926FC}.Release|Any CPU.Build.0 = Release|Any CPU
		{A0CF3386-94D1-4C8C-8CD6-4BED5BE1210E}.Debug|Any CPU.ActiveCfg = Debug|Any CPU
		{A0CF3386-94D1-4C8C-8CD6-4BED5BE1210E}.Debug|Any CPU.Build.0 = Debug|Any CPU
		{A0CF3386-94D1-4C8C-8CD6-4BED5BE1210E}.Release|Any CPU.ActiveCfg = Release|Any CPU
		{A0CF3386-94D1-4C8C-8CD6-4BED5BE1210E}.Release|Any CPU.Build.0 = Release|Any CPU
		{E68EA851-DFA1-4908-A6CC-DD9BEC59584D}.Debug|Any CPU.ActiveCfg = Debug|Any CPU
		{E68EA851-DFA1-4908-A6CC-DD9BEC59584D}.Debug|Any CPU.Build.0 = Debug|Any CPU
		{E68EA851-DFA1-4908-A6CC-DD9BEC59584D}.Release|Any CPU.ActiveCfg = Release|Any CPU
		{E68EA851-DFA1-4908-A6CC-DD9BEC59584D}.Release|Any CPU.Build.0 = Release|Any CPU
	EndGlobalSection
	GlobalSection(SolutionProperties) = preSolution
		HideSolutionNode = FALSE
	EndGlobalSection
EndGlobal
