
Microsoft Visual Studio Solution File, Format Version 12.00
# Visual Studio 14
VisualStudioVersion = 14.0.23107.0
MinimumVisualStudioVersion = 10.0.40219.1
Project("{FAE04EC0-301F-11D3-BF4B-00C04F79EFBC}") = "Task01_NestedLoopsSimulation", "Task01_NestedLoopsSimulation\Task01_NestedLoopsSimulation.csproj", "{74EA0E96-4BC8-40D5-B501-49747A2DCCBE}"
EndProject
Project("{FAE04EC0-301F-11D3-BF4B-00C04F79EFBC}") = "Task02_CombinationsWithDuplicates", "Task02_CombinationsWithDuplicates\Task02_CombinationsWithDuplicates.csproj", "{445447BB-5EFA-437B-A89C-9AF5EDA6A6FF}"
EndProject
Project("{FAE04EC0-301F-11D3-BF4B-00C04F79EFBC}") = "Task03_CombinationsWithoutDuplicates", "Task03_CombinationsWithoutDuplicates\Task03_CombinationsWithoutDuplicates.csproj", "{C1E0E16D-51C3-49BC-B23C-3C87CDCAFB40}"
EndProject
Project("{FAE04EC0-301F-11D3-BF4B-00C04F79EFBC}") = "Task04_Permutations", "Task04_Permutations\Task04_Permutations.csproj", "{546AD8B7-C666-4784-B06E-C6C0AC7CA433}"
EndProject
Project("{FAE04EC0-301F-11D3-BF4B-00C04F79EFBC}") = "Task05_OrderedSubsets", "Task05_OrderedSubsets\Task05_OrderedSubsets.csproj", "{B92A9EDB-08F4-47B9-8373-C9F54065E8C6}"
EndProject
Project("{FAE04EC0-301F-11D3-BF4B-00C04F79EFBC}") = "Task06_Subsets", "Task06_Subsets\Task06_Subsets.csproj", "{02017E75-C550-4C30-A5A6-FB6F33347CB0}"
EndProject
Project("{FAE04EC0-301F-11D3-BF4B-00C04F79EFBC}") = "Task07_MatrixPassableNonPassable", "Task07_MatrixPassableNonPassable\Task07_MatrixPassableNonPassable.csproj", "{4D9DD793-2675-4570-A3E1-14C2DCA3A586}"
EndProject
Project("{FAE04EC0-301F-11D3-BF4B-00C04F79EFBC}") = "Task08_MatrixPathExistence", "Task08_MatrixPathExistence\Task08_MatrixPathExistence.csproj", "{81B5D8A8-1551-4781-A083-C5AFC5B7C2EE}"
EndProject
Project("{FAE04EC0-301F-11D3-BF4B-00C04F79EFBC}") = "Task09_LargestAreaOfAdjacentCells", "Task09_LargestAreaOfAdjacentCells\Task09_LargestAreaOfAdjacentCells.csproj", "{EC5428E3-7FBB-4F14-A0A8-C8DE9EB5D627}"
EndProject
Global
	GlobalSection(SolutionConfigurationPlatforms) = preSolution
		Debug|Any CPU = Debug|Any CPU
		Release|Any CPU = Release|Any CPU
	EndGlobalSection
	GlobalSection(ProjectConfigurationPlatforms) = postSolution
		{74EA0E96-4BC8-40D5-B501-49747A2DCCBE}.Debug|Any CPU.ActiveCfg = Debug|Any CPU
		{74EA0E96-4BC8-40D5-B501-49747A2DCCBE}.Debug|Any CPU.Build.0 = Debug|Any CPU
		{74EA0E96-4BC8-40D5-B501-49747A2DCCBE}.Release|Any CPU.ActiveCfg = Release|Any CPU
		{74EA0E96-4BC8-40D5-B501-49747A2DCCBE}.Release|Any CPU.Build.0 = Release|Any CPU
		{445447BB-5EFA-437B-A89C-9AF5EDA6A6FF}.Debug|Any CPU.ActiveCfg = Debug|Any CPU
		{445447BB-5EFA-437B-A89C-9AF5EDA6A6FF}.Debug|Any CPU.Build.0 = Debug|Any CPU
		{445447BB-5EFA-437B-A89C-9AF5EDA6A6FF}.Release|Any CPU.ActiveCfg = Release|Any CPU
		{445447BB-5EFA-437B-A89C-9AF5EDA6A6FF}.Release|Any CPU.Build.0 = Release|Any CPU
		{C1E0E16D-51C3-49BC-B23C-3C87CDCAFB40}.Debug|Any CPU.ActiveCfg = Debug|Any CPU
		{C1E0E16D-51C3-49BC-B23C-3C87CDCAFB40}.Debug|Any CPU.Build.0 = Debug|Any CPU
		{C1E0E16D-51C3-49BC-B23C-3C87CDCAFB40}.Release|Any CPU.ActiveCfg = Release|Any CPU
		{C1E0E16D-51C3-49BC-B23C-3C87CDCAFB40}.Release|Any CPU.Build.0 = Release|Any CPU
		{546AD8B7-C666-4784-B06E-C6C0AC7CA433}.Debug|Any CPU.ActiveCfg = Debug|Any CPU
		{546AD8B7-C666-4784-B06E-C6C0AC7CA433}.Debug|Any CPU.Build.0 = Debug|Any CPU
		{546AD8B7-C666-4784-B06E-C6C0AC7CA433}.Release|Any CPU.ActiveCfg = Release|Any CPU
		{546AD8B7-C666-4784-B06E-C6C0AC7CA433}.Release|Any CPU.Build.0 = Release|Any CPU
		{B92A9EDB-08F4-47B9-8373-C9F54065E8C6}.Debug|Any CPU.ActiveCfg = Debug|Any CPU
		{B92A9EDB-08F4-47B9-8373-C9F54065E8C6}.Debug|Any CPU.Build.0 = Debug|Any CPU
		{B92A9EDB-08F4-47B9-8373-C9F54065E8C6}.Release|Any CPU.ActiveCfg = Release|Any CPU
		{B92A9EDB-08F4-47B9-8373-C9F54065E8C6}.Release|Any CPU.Build.0 = Release|Any CPU
		{02017E75-C550-4C30-A5A6-FB6F33347CB0}.Debug|Any CPU.ActiveCfg = Debug|Any CPU
		{02017E75-C550-4C30-A5A6-FB6F33347CB0}.Debug|Any CPU.Build.0 = Debug|Any CPU
		{02017E75-C550-4C30-A5A6-FB6F33347CB0}.Release|Any CPU.ActiveCfg = Release|Any CPU
		{02017E75-C550-4C30-A5A6-FB6F33347CB0}.Release|Any CPU.Build.0 = Release|Any CPU
		{4D9DD793-2675-4570-A3E1-14C2DCA3A586}.Debug|Any CPU.ActiveCfg = Debug|Any CPU
		{4D9DD793-2675-4570-A3E1-14C2DCA3A586}.Debug|Any CPU.Build.0 = Debug|Any CPU
		{4D9DD793-2675-4570-A3E1-14C2DCA3A586}.Release|Any CPU.ActiveCfg = Release|Any CPU
		{4D9DD793-2675-4570-A3E1-14C2DCA3A586}.Release|Any CPU.Build.0 = Release|Any CPU
		{81B5D8A8-1551-4781-A083-C5AFC5B7C2EE}.Debug|Any CPU.ActiveCfg = Debug|Any CPU
		{81B5D8A8-1551-4781-A083-C5AFC5B7C2EE}.Debug|Any CPU.Build.0 = Debug|Any CPU
		{81B5D8A8-1551-4781-A083-C5AFC5B7C2EE}.Release|Any CPU.ActiveCfg = Release|Any CPU
		{81B5D8A8-1551-4781-A083-C5AFC5B7C2EE}.Release|Any CPU.Build.0 = Release|Any CPU
		{EC5428E3-7FBB-4F14-A0A8-C8DE9EB5D627}.Debug|Any CPU.ActiveCfg = Debug|Any CPU
		{EC5428E3-7FBB-4F14-A0A8-C8DE9EB5D627}.Debug|Any CPU.Build.0 = Debug|Any CPU
		{EC5428E3-7FBB-4F14-A0A8-C8DE9EB5D627}.Release|Any CPU.ActiveCfg = Release|Any CPU
		{EC5428E3-7FBB-4F14-A0A8-C8DE9EB5D627}.Release|Any CPU.Build.0 = Release|Any CPU
	EndGlobalSection
	GlobalSection(SolutionProperties) = preSolution
		HideSolutionNode = FALSE
	EndGlobalSection
EndGlobal
